{
    "_readme": [
        "This file locks the dependencies of your project to a known state",
        "Read more about it at https://getcomposer.org/doc/01-basic-usage.md#installing-dependencies",
        "This file is @generated automatically"
    ],
    "content-hash": "b74cf1be4ae2fc8a9afe7072f8e63f28",
    "packages": [
        {
            "name": "composer/installers",
            "version": "v1.9.0",
            "source": {
                "type": "git",
                "url": "https://github.com/composer/installers.git",
                "reference": "b93bcf0fa1fccb0b7d176b0967d969691cd74cca"
            },
            "dist": {
                "type": "zip",
                "url": "https://api.github.com/repos/composer/installers/zipball/b93bcf0fa1fccb0b7d176b0967d969691cd74cca",
                "reference": "b93bcf0fa1fccb0b7d176b0967d969691cd74cca",
                "shasum": ""
            },
            "require": {
                "composer-plugin-api": "^1.0 || ^2.0"
            },
            "replace": {
                "roundcube/plugin-installer": "*",
                "shama/baton": "*"
            },
            "require-dev": {
                "composer/composer": "1.6.* || 2.0.*@dev",
                "composer/semver": "1.0.* || 2.0.*@dev",
                "phpunit/phpunit": "^4.8.36",
                "sebastian/comparator": "^1.2.4",
                "symfony/process": "^2.3"
            },
            "type": "composer-plugin",
            "extra": {
                "class": "Composer\\Installers\\Plugin",
                "branch-alias": {
                    "dev-master": "1.0-dev"
                }
            },
            "autoload": {
                "psr-4": {
                    "Composer\\Installers\\": "src/Composer/Installers"
                }
            },
            "notification-url": "https://packagist.org/downloads/",
            "license": [
                "MIT"
            ],
            "authors": [
                {
                    "name": "Kyle Robinson Young",
                    "email": "kyle@dontkry.com",
                    "homepage": "https://github.com/shama"
                }
            ],
            "description": "A multi-framework Composer library installer",
            "homepage": "https://composer.github.io/installers/",
            "keywords": [
                "Craft",
                "Dolibarr",
                "Eliasis",
                "Hurad",
                "ImageCMS",
                "Kanboard",
                "Lan Management System",
                "MODX Evo",
                "MantisBT",
                "Mautic",
                "Maya",
                "OXID",
                "Plentymarkets",
                "Porto",
                "RadPHP",
                "SMF",
                "Thelia",
                "Whmcs",
                "WolfCMS",
                "agl",
                "aimeos",
                "annotatecms",
                "attogram",
                "bitrix",
                "cakephp",
                "chef",
                "cockpit",
                "codeigniter",
                "concrete5",
                "croogo",
                "dokuwiki",
                "drupal",
                "eZ Platform",
                "elgg",
                "expressionengine",
                "fuelphp",
                "grav",
                "installer",
                "itop",
                "joomla",
                "known",
                "kohana",
                "laravel",
                "lavalite",
                "lithium",
                "magento",
                "majima",
                "mako",
                "mediawiki",
                "modulework",
                "modx",
                "moodle",
                "osclass",
                "phpbb",
                "piwik",
                "ppi",
                "puppet",
                "pxcms",
                "reindex",
                "roundcube",
                "shopware",
                "silverstripe",
                "sydes",
                "sylius",
                "symfony",
                "typo3",
                "wordpress",
                "yawik",
                "zend",
                "zikula"
            ],
            "funding": [
                {
                    "url": "https://packagist.com",
                    "type": "custom"
                },
                {
                    "url": "https://tidelift.com/funding/github/packagist/composer/composer",
                    "type": "tidelift"
                }
            ],
            "time": "2020-04-07T06:57:05+00:00"
        },
        {
            "name": "fancyguy/webroot-installer",
            "version": "1.1.0",
            "source": {
                "type": "git",
                "url": "https://github.com/fancyguy/webroot-installer.git",
                "reference": "a2d5c2e149d837e5580a62a91d3c91577aa30d28"
            },
            "dist": {
                "type": "zip",
                "url": "https://api.github.com/repos/fancyguy/webroot-installer/zipball/a2d5c2e149d837e5580a62a91d3c91577aa30d28",
                "reference": "a2d5c2e149d837e5580a62a91d3c91577aa30d28",
                "shasum": ""
            },
            "require-dev": {
                "composer/composer": "1.0.*@dev",
                "phpunit/phpunit": "3.7.*"
            },
            "type": "composer-installer",
            "extra": {
                "class": "FancyGuy\\Composer\\WebrootInstaller"
            },
            "autoload": {
                "psr-0": {
                    "FancyGuy\\Composer\\": "src/"
                }
            },
            "notification-url": "https://packagist.org/downloads/",
            "license": [
                "BSD-3-Clause"
            ],
            "authors": [
                {
                    "name": "Steve Buzonas",
                    "email": "steve@fancyguy.com",
                    "homepage": "http://www.stevebuzonas.com"
                }
            ],
            "description": "A composer installer for libraries that live in an application webroot.",
            "homepage": "http://fancyguy.github.com/webroot-installer/",
            "time": "2013-03-15T17:51:14+00:00"
        },
        {
            "name": "wordpress/wordpress",
            "version": "5.4.2",
            "dist": {
                "type": "zip",
                "url": "https://github.com/WordPress/WordPress/archive/5.4.2.zip "
            },
            "require": {
                "fancyguy/webroot-installer": "^1.0"
            },
            "type": "webroot"
        },
        {
            "name": "wpackagist-plugin/wordpress-seo",
            "version": "14.4.1",
            "source": {
                "type": "svn",
                "url": "https://plugins.svn.wordpress.org/wordpress-seo/",
                "reference": "tags/14.4.1"
            },
            "dist": {
                "type": "zip",
                "url": "https://downloads.wordpress.org/plugin/wordpress-seo.14.4.1.zip"
            },
            "require": {
                "composer/installers": "~1.0"
            },
            "type": "wordpress-plugin",
            "homepage": "https://wordpress.org/plugins/wordpress-seo/"
        }
    ],
    "packages-dev": [],
    "aliases": [],
    "minimum-stability": "stable",
    "stability-flags": [],
    "prefer-stable": false,
    "prefer-lowest": false,
    "platform": [],
    "platform-dev": [],
    "plugin-api-version": "1.1.0"
}
